
Microsoft Visual Studio Solution File, Format Version 12.00
# Visual Studio Version 16
VisualStudioVersion = 16.0.30717.126
MinimumVisualStudioVersion = 10.0.40219.1
Project("{FAE04EC0-301F-11D3-BF4B-00C04F79EFBC}") = "ExcelReader", "ExcelReader\ExcelReader.csproj", "{B208E6D1-2E27-4DB1-BAAF-783E155F9B2A}"
EndProject
Global
	GlobalSection(SolutionConfigurationPlatforms) = preSolution
		Debug|Any CPU = Debug|Any CPU
		Release|Any CPU = Release|Any CPU
	EndGlobalSection
	GlobalSection(ProjectConfigurationPlatforms) = postSolution
		{B208E6D1-2E27-4DB1-BAAF-783E155F9B2A}.Debug|Any CPU.ActiveCfg = Debug|Any CPU
		{B208E6D1-2E27-4DB1-BAAF-783E155F9B2A}.Debug|Any CPU.Build.0 = Debug|Any CPU
		{B208E6D1-2E27-4DB1-BAAF-783E155F9B2A}.Release|Any CPU.ActiveCfg = Release|Any CPU
		{B208E6D1-2E27-4DB1-BAAF-783E155F9B2A}.Release|Any CPU.Build.0 = Release|Any CPU
	EndGlobalSection
	GlobalSection(SolutionProperties) = preSolution
		HideSolutionNode = FALSE
	EndGlobalSection
	GlobalSection(ExtensibilityGlobals) = postSolution
		SolutionGuid = {1FC23320-8E5C-4109-9DBA-82B2A7FFB154}
	EndGlobalSection
EndGlobal
